
Microsoft Visual Studio Solution File, Format Version 12.00
# Visual Studio Version 16
VisualStudioVersion = 16.0.30413.136
MinimumVisualStudioVersion = 10.0.40219.1
Project("{FAE04EC0-301F-11D3-BF4B-00C04F79EFBC}") = "training_1", "training_1\training_1.csproj", "{45B0B6E4-D7C8-4DEF-AC13-84D2A0B36ADA}"
EndProject
Project("{2150E333-8FDC-42A3-9474-1A3956D46DE8}") = "CMS.Application", "CMS.Application", "{5FA5711D-4FFB-4123-A9E9-FCB99A704341}"
EndProject
Project("{FAE04EC0-301F-11D3-BF4B-00C04F79EFBC}") = "ConsoleApp1", "ConsoleApp1\ConsoleApp1.csproj", "{1349BD06-C7CD-48FD-A13F-82CC67E9D20D}"
EndProject
Global
	GlobalSection(SolutionConfigurationPlatforms) = preSolution
		Debug|Any CPU = Debug|Any CPU
		Release|Any CPU = Release|Any CPU
	EndGlobalSection
	GlobalSection(ProjectConfigurationPlatforms) = postSolution
		{45B0B6E4-D7C8-4DEF-AC13-84D2A0B36ADA}.Debug|Any CPU.ActiveCfg = Debug|Any CPU
		{45B0B6E4-D7C8-4DEF-AC13-84D2A0B36ADA}.Debug|Any CPU.Build.0 = Debug|Any CPU
		{45B0B6E4-D7C8-4DEF-AC13-84D2A0B36ADA}.Release|Any CPU.ActiveCfg = Release|Any CPU
		{45B0B6E4-D7C8-4DEF-AC13-84D2A0B36ADA}.Release|Any CPU.Build.0 = Release|Any CPU
		{1349BD06-C7CD-48FD-A13F-82CC67E9D20D}.Debug|Any CPU.ActiveCfg = Debug|Any CPU
		{1349BD06-C7CD-48FD-A13F-82CC67E9D20D}.Debug|Any CPU.Build.0 = Debug|Any CPU
		{1349BD06-C7CD-48FD-A13F-82CC67E9D20D}.Release|Any CPU.ActiveCfg = Release|Any CPU
		{1349BD06-C7CD-48FD-A13F-82CC67E9D20D}.Release|Any CPU.Build.0 = Release|Any CPU
	EndGlobalSection
	GlobalSection(SolutionProperties) = preSolution
		HideSolutionNode = FALSE
	EndGlobalSection
	GlobalSection(ExtensibilityGlobals) = postSolution
		SolutionGuid = {BE0DC364-90A4-41EC-8B8B-C2D12A2A2A91}
	EndGlobalSection
	GlobalSection(NestedProjects) = preSolution
		{1349BD06-C7CD-48FD-A13F-82CC67E9D20D} = {5FA5711D-4FFB-4123-A9E9-FCB99A704341}
	EndGlobalSection
EndGlobal
